
Microsoft Visual Studio Solution File, Format Version 12.00
# Visual Studio 15
VisualStudioVersion = 15.0.27130.2024
MinimumVisualStudioVersion = 10.0.40219.1
Project("{9A19103F-16F7-4668-BE54-9A1E7A4F7556}") = "newsSearcher.Domain", "newsSearcher.Domain\newsSearcher.Domain.csproj", "{C6478428-E1CF-47BC-86BC-88A876795DE4}"
EndProject
Project("{9A19103F-16F7-4668-BE54-9A1E7A4F7556}") = "newsSearcher.Api", "newsSearcher.Api\newsSearcher.Api.csproj", "{77632A90-6B3C-4BA9-B0E0-DD1A73D10829}"
EndProject
Project("{9A19103F-16F7-4668-BE54-9A1E7A4F7556}") = "newsSearcher.Infra.Data", "newsSearcher.Infra.Data\newsSearcher.Infra.Data.csproj", "{7841D7F6-3F0C-46A8-873A-97D11BC5D290}"
EndProject
Global
	GlobalSection(SolutionConfigurationPlatforms) = preSolution
		Debug|Any CPU = Debug|Any CPU
		Release|Any CPU = Release|Any CPU
	EndGlobalSection
	GlobalSection(ProjectConfigurationPlatforms) = postSolution
		{C6478428-E1CF-47BC-86BC-88A876795DE4}.Debug|Any CPU.ActiveCfg = Debug|Any CPU
		{C6478428-E1CF-47BC-86BC-88A876795DE4}.Debug|Any CPU.Build.0 = Debug|Any CPU
		{C6478428-E1CF-47BC-86BC-88A876795DE4}.Release|Any CPU.ActiveCfg = Release|Any CPU
		{C6478428-E1CF-47BC-86BC-88A876795DE4}.Release|Any CPU.Build.0 = Release|Any CPU
		{77632A90-6B3C-4BA9-B0E0-DD1A73D10829}.Debug|Any CPU.ActiveCfg = Debug|Any CPU
		{77632A90-6B3C-4BA9-B0E0-DD1A73D10829}.Debug|Any CPU.Build.0 = Debug|Any CPU
		{77632A90-6B3C-4BA9-B0E0-DD1A73D10829}.Release|Any CPU.ActiveCfg = Release|Any CPU
		{77632A90-6B3C-4BA9-B0E0-DD1A73D10829}.Release|Any CPU.Build.0 = Release|Any CPU
		{7841D7F6-3F0C-46A8-873A-97D11BC5D290}.Debug|Any CPU.ActiveCfg = Debug|Any CPU
		{7841D7F6-3F0C-46A8-873A-97D11BC5D290}.Debug|Any CPU.Build.0 = Debug|Any CPU
		{7841D7F6-3F0C-46A8-873A-97D11BC5D290}.Release|Any CPU.ActiveCfg = Release|Any CPU
		{7841D7F6-3F0C-46A8-873A-97D11BC5D290}.Release|Any CPU.Build.0 = Release|Any CPU
	EndGlobalSection
	GlobalSection(SolutionProperties) = preSolution
		HideSolutionNode = FALSE
	EndGlobalSection
	GlobalSection(ExtensibilityGlobals) = postSolution
		SolutionGuid = {FC80DBB5-3FA0-43AB-B49E-09EE7FFE0567}
	EndGlobalSection
EndGlobal
